<?xml version="1.0" encoding="UTF-8" standalone="yes" ?>
<CodeBlocks_project_file>
	<FileVersion major="1" minor="6" />
	<Project>
		<Option title="QEMU Manager" />
		<Option pch_mode="2" />
		<Option compiler="mingw_64" />
		<Build>
			<Target title="MSW Debug">
				<Option output="bin/Debug/QEMU Manager" prefix_auto="1" extension_auto="1" />
				<Option object_output="obj/Debug/" />
				<Option type="0" />
				<Option compiler="mingw_64" />
				<Option projectLinkerOptionsRelation="2" />
				<Compiler>
					<Add option="-g" />
					<Add option="-D__GNUWIN32__" />
					<Add option="-D__WXMSW__" />
					<Add option="-D__WXDEBUG__" />
					<Add directory="$(#wx)/lib/gcc_dll/mswud" />
					<Add directory="include" />
				</Compiler>
				<ResourceCompiler>
					<Add directory="$(#wx)/lib/gcc_dll/mswud" />
				</ResourceCompiler>
				<Linker>
					<Add library="libwxmsw31ud.a" />
					<Add directory="$(#wx)/lib/gcc_dll" />
				</Linker>
			</Target>
			<Target title="MSW Release">
				<Option output="bin/Release/QEMU Manager" prefix_auto="1" extension_auto="1" />
				<Option object_output="obj/Release/" />
				<Option type="0" />
				<Option compiler="mingw_64" />
				<Option projectLinkerOptionsRelation="2" />
				<Compiler>
					<Add option="-O2" />
					<Add option="-D__GNUWIN32__" />
					<Add option="-D__WXMSW__" />
					<Add directory="$(#wx)/lib/gcc_dll/mswu" />
					<Add directory="include" />
				</Compiler>
				<ResourceCompiler>
					<Add directory="$(#wx)/lib/gcc_dll/mswu" />
				</ResourceCompiler>
				<Linker>
					<Add option="-s" />
					<Add library="libwxmsw31u.a" />
					<Add directory="$(#wx)/lib/gcc_dll" />
				</Linker>
			</Target>
		</Build>
		<Compiler>
			<Add option="-Wall" />
			<Add option="-pipe" />
			<Add option="-mthreads" />
			<Add option="-DWXUSINGDLL" />
			<Add option="-DwxUSE_UNICODE" />
			<Add directory="$(#wx)/include" />
		</Compiler>
		<ResourceCompiler>
			<Add directory="$(#wx)/include" />
		</ResourceCompiler>
		<Linker>
			<Add option="-mthreads" />
		</Linker>
		<Unit filename="include/preferencesdialog.h" />
		<Unit filename="include/qemu_managerapp.h" />
		<Unit filename="include/qemu_managermain.h" />
		<Unit filename="include/qemuvm.h" />
		<Unit filename="resource.rc">
			<Option compilerVar="WINDRES" />
		</Unit>
		<Unit filename="src/preferencesdialog.cpp" />
		<Unit filename="src/qemu_managerapp.cpp" />
		<Unit filename="src/qemu_managermain.cpp" />
		<Unit filename="src/qemuvm.cpp" />
		<Unit filename="wxsmith/preferencesdialog.wxs" />
		<Unit filename="wxsmith/qemu_managerframe.wxs" />
		<Extensions>
			<code_completion />
			<envvars />
			<debugger />
			<lib_finder disable_auto="1" />
			<wxsmith version="1">
				<gui name="wxWidgets" src="src/qemu_managerapp.cpp" main="QEMU_ManagerFrame" init_handlers="necessary" language="CPP" />
				<resources>
					<wxFrame wxs="wxsmith/qemu_managerframe.wxs" src="src/qemu_managermain.cpp" hdr="include/qemu_managermain.h" fwddecl="0" i18n="1" name="QEMU_ManagerFrame" language="CPP" />
					<wxDialog wxs="wxsmith/preferencesdialog.wxs" src="src/preferencesdialog.cpp" hdr="include/preferencesdialog.h" fwddecl="0" i18n="1" name="PreferencesDialog" language="CPP" />
				</resources>
			</wxsmith>
		</Extensions>
	</Project>
</CodeBlocks_project_file>
